// !$*UTF8*$!
{
	archiveVersion = 1;
	classes = {
	};
	objectVersion = 46;
	objects = {

/* Begin PBXBuildFile section */
		3D35C2C61694C768000ADA14 /* libOpenSense.a in Frameworks */ = {isa = PBXBuildFile; fileRef = 3D35C2C01694C720000ADA14 /* libOpenSense.a */; };
		3D5AEA0516A4977A00741652 /* config.json in Resources */ = {isa = PBXBuildFile; fileRef = 3D5AEA0416A4977A00741652 /* config.json */; };
		3D7A747816B03D43000B4A0D /* MobileCoreServices.framework in Frameworks */ = {isa = PBXBuildFile; fileRef = 3D7A747716B03D43000B4A0D /* MobileCoreServices.framework */; };
		3D7A747A16B03D50000B4A0D /* SystemConfiguration.framework in Frameworks */ = {isa = PBXBuildFile; fileRef = 3D7A747916B03D50000B4A0D /* SystemConfiguration.framework */; };
		3D7FA2D616E5A0B1001ED0FA /* libz.dylib in Frameworks */ = {isa = PBXBuildFile; fileRef = 3D7FA2D516E5A0B1001ED0FA /* libz.dylib */; };
		3D98CA8516AF4C230009F3C4 /* Security.framework in Frameworks */ = {isa = PBXBuildFile; fileRef = 3D98CA8416AF4C230009F3C4 /* Security.framework */; };
		3DA2596216B0837C00190683 /* MapKit.framework in Frameworks */ = {isa = PBXBuildFile; fileRef = 3DA2596116B0837C00190683 /* MapKit.framework */; };
		3DA2596416B0879F00190683 /* CoreLocation.framework in Frameworks */ = {isa = PBXBuildFile; fileRef = 3DA2596316B0879F00190683 /* CoreLocation.framework */; };
		3DB21B5716975B1E00F6B294 /* QuartzCore.framework in Frameworks */ = {isa = PBXBuildFile; fileRef = 3DB21B5616975B1E00F6B294 /* QuartzCore.framework */; };
		3DB69F0316B1D750009570F3 /* CoreMotion.framework in Frameworks */ = {isa = PBXBuildFile; fileRef = 3DB69F0216B1D750009570F3 /* CoreMotion.framework */; };
		3DDED6D6167D098B006DE4F8 /* UIKit.framework in Frameworks */ = {isa = PBXBuildFile; fileRef = 3DDED6D5167D098B006DE4F8 /* UIKit.framework */; };
		3DDED6D8167D098B006DE4F8 /* Foundation.framework in Frameworks */ = {isa = PBXBuildFile; fileRef = 3DDED6D7167D098B006DE4F8 /* Foundation.framework */; };
		3DDED6DA167D098B006DE4F8 /* CoreGraphics.framework in Frameworks */ = {isa = PBXBuildFile; fileRef = 3DDED6D9167D098B006DE4F8 /* CoreGraphics.framework */; };
		3DDED6E0167D098B006DE4F8 /* InfoPlist.strings in Resources */ = {isa = PBXBuildFile; fileRef = 3DDED6DE167D098B006DE4F8 /* InfoPlist.strings */; };
		3DDED6E2167D098B006DE4F8 /* main.m in Sources */ = {isa = PBXBuildFile; fileRef = 3DDED6E1167D098B006DE4F8 /* main.m */; };
		3DDED6E6167D098B006DE4F8 /* AppDelegate.m in Sources */ = {isa = PBXBuildFile; fileRef = 3DDED6E5167D098B006DE4F8 /* AppDelegate.m */; };
		3DDED6E8167D098B006DE4F8 /* Default.png in Resources */ = {isa = PBXBuildFile; fileRef = 3DDED6E7167D098B006DE4F8 /* Default.png */; };
		3DDED6EA167D098B006DE4F8 /* Default@2x.png in Resources */ = {isa = PBXBuildFile; fileRef = 3DDED6E9167D098B006DE4F8 /* Default@2x.png */; };
		3DDED6EC167D098B006DE4F8 /* Default-568h@2x.png in Resources */ = {isa = PBXBuildFile; fileRef = 3DDED6EB167D098B006DE4F8 /* Default-568h@2x.png */; };
		3DFE62551694DE4500145310 /* Icon.png in Resources */ = {isa = PBXBuildFile; fileRef = 3DFE62541694DE4500145310 /* Icon.png */; };
		3DFE62571694DE4800145310 /* Icon@2x.png in Resources */ = {isa = PBXBuildFile; fileRef = 3DFE62561694DE4800145310 /* Icon@2x.png */; };
		941645631A59F01F00B9B2CD /* ViewController.m in Sources */ = {isa = PBXBuildFile; fileRef = 941645621A59F01F00B9B2CD /* ViewController.m */; };
		9416456B1A59F17300B9B2CD /* MainStoryboard.storyboard in Resources */ = {isa = PBXBuildFile; fileRef = 9416456D1A59F17300B9B2CD /* MainStoryboard.storyboard */; };
		941895E71A59EA5700B5BC15 /* chart_column.png in Resources */ = {isa = PBXBuildFile; fileRef = 941895E41A59EA5700B5BC15 /* chart_column.png */; };
		941895E81A59EA5700B5BC15 /* chart_line.png in Resources */ = {isa = PBXBuildFile; fileRef = 941895E51A59EA5700B5BC15 /* chart_line.png */; };
		941895E91A59EA5700B5BC15 /* chart_pie.png in Resources */ = {isa = PBXBuildFile; fileRef = 941895E61A59EA5700B5BC15 /* chart_pie.png */; };
		941895EC1A59EA6B00B5BC15 /* Resources.m in Sources */ = {isa = PBXBuildFile; fileRef = 941895EB1A59EA6B00B5BC15 /* Resources.m */; };
		941895F01A59EA9700B5BC15 /* PageVC.m in Sources */ = {isa = PBXBuildFile; fileRef = 941895EF1A59EA9700B5BC15 /* PageVC.m */; };
		941895F71A59EACB00B5BC15 /* GraphVC.m in Sources */ = {isa = PBXBuildFile; fileRef = 941895F41A59EACB00B5BC15 /* GraphVC.m */; };
		941895F81A59EACB00B5BC15 /* GraphView.m in Sources */ = {isa = PBXBuildFile; fileRef = 941895F61A59EACB00B5BC15 /* GraphView.m */; };
		941895FC1A59EAEA00B5BC15 /* ExerciseVC.m in Sources */ = {isa = PBXBuildFile; fileRef = 941895FB1A59EAEA00B5BC15 /* ExerciseVC.m */; };
		941896021A59EB0200B5BC15 /* AboutVC.m in Sources */ = {isa = PBXBuildFile; fileRef = 941895FF1A59EB0200B5BC15 /* AboutVC.m */; };
		941896031A59EB0200B5BC15 /* AboutView.m in Sources */ = {isa = PBXBuildFile; fileRef = 941896011A59EB0200B5BC15 /* AboutView.m */; };
		941896071A59EB2300B5BC15 /* OAuthVC.m in Sources */ = {isa = PBXBuildFile; fileRef = 941896061A59EB2300B5BC15 /* OAuthVC.m */; };
		941896111A59EBAD00B5BC15 /* MinuteTVC.m in Sources */ = {isa = PBXBuildFile; fileRef = 9418960A1A59EBAD00B5BC15 /* MinuteTVC.m */; };
		941896121A59EBAD00B5BC15 /* ActivityPickerView.m in Sources */ = {isa = PBXBuildFile; fileRef = 9418960C1A59EBAD00B5BC15 /* ActivityPickerView.m */; };
		941896131A59EBAD00B5BC15 /* MinuteEntry.m in Sources */ = {isa = PBXBuildFile; fileRef = 9418960E1A59EBAD00B5BC15 /* MinuteEntry.m */; };
		941896141A59EBAD00B5BC15 /* MinuteStore.m in Sources */ = {isa = PBXBuildFile; fileRef = 941896101A59EBAD00B5BC15 /* MinuteStore.m */; };
/* End PBXBuildFile section */

/* Begin PBXContainerItemProxy section */
		3D35C2BF1694C720000ADA14 /* PBXContainerItemProxy */ = {
			isa = PBXContainerItemProxy;
			containerPortal = 3D35C2B61694C720000ADA14 /* OpenSense.xcodeproj */;
			proxyType = 2;
			remoteGlobalIDString = 3DDED69B167D04CF006DE4F8;
			remoteInfo = OpenSense;
		};
		3D35C2C11694C720000ADA14 /* PBXContainerItemProxy */ = {
			isa = PBXContainerItemProxy;
			containerPortal = 3D35C2B61694C720000ADA14 /* OpenSense.xcodeproj */;
			proxyType = 2;
			remoteGlobalIDString = 3DDED6AC167D04CF006DE4F8;
			remoteInfo = OpenSenseTests;
		};
/* End PBXContainerItemProxy section */

/* Begin PBXFileReference section */
		3D35C2B61694C720000ADA14 /* OpenSense.xcodeproj */ = {isa = PBXFileReference; lastKnownFileType = "wrapper.pb-project"; name = OpenSense.xcodeproj; path = ../OpenSense/OpenSense.xcodeproj; sourceTree = "<group>"; };
		3D5AEA0416A4977A00741652 /* config.json */ = {isa = PBXFileReference; fileEncoding = 4; lastKnownFileType = text.json; name = config.json; path = "OpenSense Collector/config.json"; sourceTree = "<group>"; };
		3D7A747716B03D43000B4A0D /* MobileCoreServices.framework */ = {isa = PBXFileReference; lastKnownFileType = wrapper.framework; name = MobileCoreServices.framework; path = System/Library/Frameworks/MobileCoreServices.framework; sourceTree = SDKROOT; };
		3D7A747916B03D50000B4A0D /* SystemConfiguration.framework */ = {isa = PBXFileReference; lastKnownFileType = wrapper.framework; name = SystemConfiguration.framework; path = System/Library/Frameworks/SystemConfiguration.framework; sourceTree = SDKROOT; };
		3D7FA2D516E5A0B1001ED0FA /* libz.dylib */ = {isa = PBXFileReference; lastKnownFileType = "compiled.mach-o.dylib"; name = libz.dylib; path = usr/lib/libz.dylib; sourceTree = SDKROOT; };
		3D98CA8416AF4C230009F3C4 /* Security.framework */ = {isa = PBXFileReference; lastKnownFileType = wrapper.framework; name = Security.framework; path = System/Library/Frameworks/Security.framework; sourceTree = SDKROOT; };
		3DA2596116B0837C00190683 /* MapKit.framework */ = {isa = PBXFileReference; lastKnownFileType = wrapper.framework; name = MapKit.framework; path = System/Library/Frameworks/MapKit.framework; sourceTree = SDKROOT; };
		3DA2596316B0879F00190683 /* CoreLocation.framework */ = {isa = PBXFileReference; lastKnownFileType = wrapper.framework; name = CoreLocation.framework; path = System/Library/Frameworks/CoreLocation.framework; sourceTree = SDKROOT; };
		3DB21B54169740D600F6B294 /* libCorePlot-CocoaTouch.a */ = {isa = PBXFileReference; lastKnownFileType = archive.ar; name = "libCorePlot-CocoaTouch.a"; path = "../../../../../../Downloads/CorePlot_1.1/Binaries/iOS/libCorePlot-CocoaTouch.a"; sourceTree = "<group>"; };
		3DB21B5616975B1E00F6B294 /* QuartzCore.framework */ = {isa = PBXFileReference; lastKnownFileType = wrapper.framework; name = QuartzCore.framework; path = System/Library/Frameworks/QuartzCore.framework; sourceTree = SDKROOT; };
		3DB69F0216B1D750009570F3 /* CoreMotion.framework */ = {isa = PBXFileReference; lastKnownFileType = wrapper.framework; name = CoreMotion.framework; path = System/Library/Frameworks/CoreMotion.framework; sourceTree = SDKROOT; };
		3DDCAA9D16B5EF630063DC29 /* Common.h */ = {isa = PBXFileReference; lastKnownFileType = sourcecode.c.h; path = Common.h; sourceTree = "<group>"; };
		3DDED6D1167D098B006DE4F8 /* OpenSense.app */ = {isa = PBXFileReference; explicitFileType = wrapper.application; includeInIndex = 0; path = OpenSense.app; sourceTree = BUILT_PRODUCTS_DIR; };
		3DDED6D5167D098B006DE4F8 /* UIKit.framework */ = {isa = PBXFileReference; lastKnownFileType = wrapper.framework; name = UIKit.framework; path = System/Library/Frameworks/UIKit.framework; sourceTree = SDKROOT; };
		3DDED6D7167D098B006DE4F8 /* Foundation.framework */ = {isa = PBXFileReference; lastKnownFileType = wrapper.framework; name = Foundation.framework; path = System/Library/Frameworks/Foundation.framework; sourceTree = SDKROOT; };
		3DDED6D9167D098B006DE4F8 /* CoreGraphics.framework */ = {isa = PBXFileReference; lastKnownFileType = wrapper.framework; name = CoreGraphics.framework; path = System/Library/Frameworks/CoreGraphics.framework; sourceTree = SDKROOT; };
		3DDED6DD167D098B006DE4F8 /* OpenSense Collector-Info.plist */ = {isa = PBXFileReference; lastKnownFileType = text.plist.xml; path = "OpenSense Collector-Info.plist"; sourceTree = "<group>"; };
		3DDED6DF167D098B006DE4F8 /* en */ = {isa = PBXFileReference; lastKnownFileType = text.plist.strings; name = en; path = en.lproj/InfoPlist.strings; sourceTree = "<group>"; };
		3DDED6E1167D098B006DE4F8 /* main.m */ = {isa = PBXFileReference; lastKnownFileType = sourcecode.c.objc; path = main.m; sourceTree = "<group>"; };
		3DDED6E3167D098B006DE4F8 /* OpenSense Collector-Prefix.pch */ = {isa = PBXFileReference; lastKnownFileType = sourcecode.c.h; path = "OpenSense Collector-Prefix.pch"; sourceTree = "<group>"; };
		3DDED6E4167D098B006DE4F8 /* AppDelegate.h */ = {isa = PBXFileReference; lastKnownFileType = sourcecode.c.h; name = AppDelegate.h; path = "OpenSense Collector/AppDelegate.h"; sourceTree = "<group>"; };
		3DDED6E5167D098B006DE4F8 /* AppDelegate.m */ = {isa = PBXFileReference; lastKnownFileType = sourcecode.c.objc; name = AppDelegate.m; path = "OpenSense Collector/AppDelegate.m"; sourceTree = "<group>"; };
		3DDED6E7167D098B006DE4F8 /* Default.png */ = {isa = PBXFileReference; lastKnownFileType = image.png; path = Default.png; sourceTree = "<group>"; };
		3DDED6E9167D098B006DE4F8 /* Default@2x.png */ = {isa = PBXFileReference; lastKnownFileType = image.png; path = "Default@2x.png"; sourceTree = "<group>"; };
		3DDED6EB167D098B006DE4F8 /* Default-568h@2x.png */ = {isa = PBXFileReference; lastKnownFileType = image.png; path = "Default-568h@2x.png"; sourceTree = "<group>"; };
		3DDED704167D098B006DE4F8 /* SenTestingKit.framework */ = {isa = PBXFileReference; lastKnownFileType = wrapper.framework; name = SenTestingKit.framework; path = Library/Frameworks/SenTestingKit.framework; sourceTree = DEVELOPER_DIR; };
		3DFE62541694DE4500145310 /* Icon.png */ = {isa = PBXFileReference; lastKnownFileType = image.png; name = Icon.png; path = ../Icon.png; sourceTree = "<group>"; };
		3DFE62561694DE4800145310 /* Icon@2x.png */ = {isa = PBXFileReference; lastKnownFileType = image.png; name = "Icon@2x.png"; path = "../Icon@2x.png"; sourceTree = "<group>"; };
		941645611A59F01F00B9B2CD /* ViewController.h */ = {isa = PBXFileReference; fileEncoding = 4; lastKnownFileType = sourcecode.c.h; path = ViewController.h; sourceTree = "<group>"; };
		941645621A59F01F00B9B2CD /* ViewController.m */ = {isa = PBXFileReference; fileEncoding = 4; lastKnownFileType = sourcecode.c.objc; path = ViewController.m; sourceTree = "<group>"; };
		9416456C1A59F17300B9B2CD /* en */ = {isa = PBXFileReference; lastKnownFileType = file.storyboard; name = en; path = en.lproj/MainStoryboard.storyboard; sourceTree = "<group>"; };
		941895E41A59EA5700B5BC15 /* chart_column.png */ = {isa = PBXFileReference; lastKnownFileType = image.png; path = chart_column.png; sourceTree = "<group>"; };
		941895E51A59EA5700B5BC15 /* chart_line.png */ = {isa = PBXFileReference; lastKnownFileType = image.png; path = chart_line.png; sourceTree = "<group>"; };
		941895E61A59EA5700B5BC15 /* chart_pie.png */ = {isa = PBXFileReference; lastKnownFileType = image.png; path = chart_pie.png; sourceTree = "<group>"; };
		941895EA1A59EA6B00B5BC15 /* Resources.h */ = {isa = PBXFileReference; fileEncoding = 4; lastKnownFileType = sourcecode.c.h; path = Resources.h; sourceTree = "<group>"; };
		941895EB1A59EA6B00B5BC15 /* Resources.m */ = {isa = PBXFileReference; fileEncoding = 4; lastKnownFileType = sourcecode.c.objc; path = Resources.m; sourceTree = "<group>"; };
		941895EE1A59EA9700B5BC15 /* PageVC.h */ = {isa = PBXFileReference; fileEncoding = 4; lastKnownFileType = sourcecode.c.h; path = PageVC.h; sourceTree = "<group>"; };
		941895EF1A59EA9700B5BC15 /* PageVC.m */ = {isa = PBXFileReference; fileEncoding = 4; lastKnownFileType = sourcecode.c.objc; path = PageVC.m; sourceTree = "<group>"; };
		941895F31A59EACB00B5BC15 /* GraphVC.h */ = {isa = PBXFileReference; fileEncoding = 4; lastKnownFileType = sourcecode.c.h; path = GraphVC.h; sourceTree = "<group>"; };
		941895F41A59EACB00B5BC15 /* GraphVC.m */ = {isa = PBXFileReference; fileEncoding = 4; lastKnownFileType = sourcecode.c.objc; path = GraphVC.m; sourceTree = "<group>"; };
		941895F51A59EACB00B5BC15 /* GraphView.h */ = {isa = PBXFileReference; fileEncoding = 4; lastKnownFileType = sourcecode.c.h; path = GraphView.h; sourceTree = "<group>"; };
		941895F61A59EACB00B5BC15 /* GraphView.m */ = {isa = PBXFileReference; fileEncoding = 4; lastKnownFileType = sourcecode.c.objc; path = GraphView.m; sourceTree = "<group>"; };
		941895FA1A59EAEA00B5BC15 /* ExerciseVC.h */ = {isa = PBXFileReference; fileEncoding = 4; lastKnownFileType = sourcecode.c.h; path = ExerciseVC.h; sourceTree = "<group>"; };
		941895FB1A59EAEA00B5BC15 /* ExerciseVC.m */ = {isa = PBXFileReference; fileEncoding = 4; lastKnownFileType = sourcecode.c.objc; path = ExerciseVC.m; sourceTree = "<group>"; };
		941895FE1A59EB0200B5BC15 /* AboutVC.h */ = {isa = PBXFileReference; fileEncoding = 4; lastKnownFileType = sourcecode.c.h; path = AboutVC.h; sourceTree = "<group>"; };
		941895FF1A59EB0200B5BC15 /* AboutVC.m */ = {isa = PBXFileReference; fileEncoding = 4; lastKnownFileType = sourcecode.c.objc; path = AboutVC.m; sourceTree = "<group>"; };
		941896001A59EB0200B5BC15 /* AboutView.h */ = {isa = PBXFileReference; fileEncoding = 4; lastKnownFileType = sourcecode.c.h; path = AboutView.h; sourceTree = "<group>"; };
		941896011A59EB0200B5BC15 /* AboutView.m */ = {isa = PBXFileReference; fileEncoding = 4; lastKnownFileType = sourcecode.c.objc; path = AboutView.m; sourceTree = "<group>"; };
		941896051A59EB2300B5BC15 /* OAuthVC.h */ = {isa = PBXFileReference; fileEncoding = 4; lastKnownFileType = sourcecode.c.h; path = OAuthVC.h; sourceTree = "<group>"; };
		941896061A59EB2300B5BC15 /* OAuthVC.m */ = {isa = PBXFileReference; fileEncoding = 4; lastKnownFileType = sourcecode.c.objc; path = OAuthVC.m; sourceTree = "<group>"; };
		941896091A59EBAD00B5BC15 /* MinuteTVC.h */ = {isa = PBXFileReference; fileEncoding = 4; lastKnownFileType = sourcecode.c.h; path = MinuteTVC.h; sourceTree = "<group>"; };
		9418960A1A59EBAD00B5BC15 /* MinuteTVC.m */ = {isa = PBXFileReference; fileEncoding = 4; lastKnownFileType = sourcecode.c.objc; path = MinuteTVC.m; sourceTree = "<group>"; };
		9418960B1A59EBAD00B5BC15 /* ActivityPickerView.h */ = {isa = PBXFileReference; fileEncoding = 4; lastKnownFileType = sourcecode.c.h; path = ActivityPickerView.h; sourceTree = "<group>"; };
		9418960C1A59EBAD00B5BC15 /* ActivityPickerView.m */ = {isa = PBXFileReference; fileEncoding = 4; lastKnownFileType = sourcecode.c.objc; path = ActivityPickerView.m; sourceTree = "<group>"; };
		9418960D1A59EBAD00B5BC15 /* MinuteEntry.h */ = {isa = PBXFileReference; fileEncoding = 4; lastKnownFileType = sourcecode.c.h; path = MinuteEntry.h; sourceTree = "<group>"; };
		9418960E1A59EBAD00B5BC15 /* MinuteEntry.m */ = {isa = PBXFileReference; fileEncoding = 4; lastKnownFileType = sourcecode.c.objc; path = MinuteEntry.m; sourceTree = "<group>"; };
		9418960F1A59EBAD00B5BC15 /* MinuteStore.h */ = {isa = PBXFileReference; fileEncoding = 4; lastKnownFileType = sourcecode.c.h; path = MinuteStore.h; sourceTree = "<group>"; };
		941896101A59EBAD00B5BC15 /* MinuteStore.m */ = {isa = PBXFileReference; fileEncoding = 4; lastKnownFileType = sourcecode.c.objc; path = MinuteStore.m; sourceTree = "<group>"; };
/* End PBXFileReference section */

/* Begin PBXFrameworksBuildPhase section */
		3DDED6CE167D098B006DE4F8 /* Frameworks */ = {
			isa = PBXFrameworksBuildPhase;
			buildActionMask = 2147483647;
			files = (
				3D7FA2D616E5A0B1001ED0FA /* libz.dylib in Frameworks */,
				3DB69F0316B1D750009570F3 /* CoreMotion.framework in Frameworks */,
				3DA2596416B0879F00190683 /* CoreLocation.framework in Frameworks */,
				3DA2596216B0837C00190683 /* MapKit.framework in Frameworks */,
				3D7A747A16B03D50000B4A0D /* SystemConfiguration.framework in Frameworks */,
				3D7A747816B03D43000B4A0D /* MobileCoreServices.framework in Frameworks */,
				3D98CA8516AF4C230009F3C4 /* Security.framework in Frameworks */,
				3DB21B5716975B1E00F6B294 /* QuartzCore.framework in Frameworks */,
				3D35C2C61694C768000ADA14 /* libOpenSense.a in Frameworks */,
				3DDED6D6167D098B006DE4F8 /* UIKit.framework in Frameworks */,
				3DDED6D8167D098B006DE4F8 /* Foundation.framework in Frameworks */,
				3DDED6DA167D098B006DE4F8 /* CoreGraphics.framework in Frameworks */,
			);
			runOnlyForDeploymentPostprocessing = 0;
		};
/* End PBXFrameworksBuildPhase section */

/* Begin PBXGroup section */
		3D35C2B71694C720000ADA14 /* Products */ = {
			isa = PBXGroup;
			children = (
				3D35C2C01694C720000ADA14 /* libOpenSense.a */,
				3D35C2C21694C720000ADA14 /* OpenSenseTests.octest */,
			);
			name = Products;
			sourceTree = "<group>";
		};
		3DDED6C6167D098B006DE4F8 = {
			isa = PBXGroup;
			children = (
				3D35C2B61694C720000ADA14 /* OpenSense.xcodeproj */,
				941895E21A59E9C300B5BC15 /* External */,
				941895E11A59E9A900B5BC15 /* GetFit */,
				3DDED6D2167D098B006DE4F8 /* Products */,
			);
			sourceTree = "<group>";
		};
		3DDED6D2167D098B006DE4F8 /* Products */ = {
			isa = PBXGroup;
			children = (
				3DDED6D1167D098B006DE4F8 /* OpenSense.app */,
			);
			name = Products;
			sourceTree = "<group>";
		};
		3DDED6D4167D098B006DE4F8 /* Frameworks */ = {
			isa = PBXGroup;
			children = (
				3D7FA2D516E5A0B1001ED0FA /* libz.dylib */,
				3DB69F0216B1D750009570F3 /* CoreMotion.framework */,
				3DA2596316B0879F00190683 /* CoreLocation.framework */,
				3DA2596116B0837C00190683 /* MapKit.framework */,
				3D7A747916B03D50000B4A0D /* SystemConfiguration.framework */,
				3D7A747716B03D43000B4A0D /* MobileCoreServices.framework */,
				3DB21B54169740D600F6B294 /* libCorePlot-CocoaTouch.a */,
				3D98CA8416AF4C230009F3C4 /* Security.framework */,
				3DB21B5616975B1E00F6B294 /* QuartzCore.framework */,
				3DDED6D5167D098B006DE4F8 /* UIKit.framework */,
				3DDED6D7167D098B006DE4F8 /* Foundation.framework */,
				3DDED6D9167D098B006DE4F8 /* CoreGraphics.framework */,
				3DDED704167D098B006DE4F8 /* SenTestingKit.framework */,
			);
			name = Frameworks;
			sourceTree = "<group>";
		};
		3DDED6DC167D098B006DE4F8 /* Supporting Files */ = {
			isa = PBXGroup;
			children = (
				3DDED6DD167D098B006DE4F8 /* OpenSense Collector-Info.plist */,
				3DDED6DE167D098B006DE4F8 /* InfoPlist.strings */,
				3DDED6E1167D098B006DE4F8 /* main.m */,
				3DDED6E3167D098B006DE4F8 /* OpenSense Collector-Prefix.pch */,
				3DDED6E7167D098B006DE4F8 /* Default.png */,
				3DDED6E9167D098B006DE4F8 /* Default@2x.png */,
				3DDED6EB167D098B006DE4F8 /* Default-568h@2x.png */,
				3DDCAA9D16B5EF630063DC29 /* Common.h */,
				3DFE62561694DE4800145310 /* Icon@2x.png */,
				3DFE62541694DE4500145310 /* Icon.png */,
			);
			name = "Supporting Files";
			path = "OpenSense Collector";
			sourceTree = "<group>";
		};
		941895E11A59E9A900B5BC15 /* GetFit */ = {
			isa = PBXGroup;
			children = (
				9416456D1A59F17300B9B2CD /* MainStoryboard.storyboard */,
				3D5AEA0416A4977A00741652 /* config.json */,
				941645611A59F01F00B9B2CD /* ViewController.h */,
				941645621A59F01F00B9B2CD /* ViewController.m */,
				3DDED6E4167D098B006DE4F8 /* AppDelegate.h */,
				3DDED6E5167D098B006DE4F8 /* AppDelegate.m */,
				941895EA1A59EA6B00B5BC15 /* Resources.h */,
				941895EB1A59EA6B00B5BC15 /* Resources.m */,
				941895E31A59EA4600B5BC15 /* Charts */,
				941895F11A59EAA100B5BC15 /* Page */,
				941895F91A59EADF00B5BC15 /* Exercise */,
				941895F21A59EABB00B5BC15 /* Graph */,
				941895FD1A59EAF400B5BC15 /* About */,
				941896041A59EB1600B5BC15 /* OAuth */,
				941896081A59EB9D00B5BC15 /* Minute */,
				3DDED6DC167D098B006DE4F8 /* Supporting Files */,
				3DDED6D4167D098B006DE4F8 /* Frameworks */,
			);
			name = GetFit;
			sourceTree = "<group>";
		};
		941895E21A59E9C300B5BC15 /* External */ = {
			isa = PBXGroup;
			children = (
			);
			name = External;
			sourceTree = "<group>";
		};
		941895E31A59EA4600B5BC15 /* Charts */ = {
			isa = PBXGroup;
			children = (
				941895E41A59EA5700B5BC15 /* chart_column.png */,
				941895E51A59EA5700B5BC15 /* chart_line.png */,
				941895E61A59EA5700B5BC15 /* chart_pie.png */,
			);
			name = Charts;
			sourceTree = "<group>";
		};
		941895F11A59EAA100B5BC15 /* Page */ = {
			isa = PBXGroup;
			children = (
				941895EE1A59EA9700B5BC15 /* PageVC.h */,
				941895EF1A59EA9700B5BC15 /* PageVC.m */,
			);
			name = Page;
			sourceTree = "<group>";
		};
		941895F21A59EABB00B5BC15 /* Graph */ = {
			isa = PBXGroup;
			children = (
				941895F31A59EACB00B5BC15 /* GraphVC.h */,
				941895F51A59EACB00B5BC15 /* GraphView.h */,
				941895F61A59EACB00B5BC15 /* GraphView.m */,
			);
			name = Graph;
			sourceTree = "<group>";
		};
		941895F91A59EADF00B5BC15 /* Exercise */ = {
			isa = PBXGroup;
			children = (
				941895FA1A59EAEA00B5BC15 /* ExerciseVC.h */,
				941895FB1A59EAEA00B5BC15 /* ExerciseVC.m */,
			);
			name = Exercise;
			sourceTree = "<group>";
		};
		941895FD1A59EAF400B5BC15 /* About */ = {
			isa = PBXGroup;
			children = (
				941895FE1A59EB0200B5BC15 /* AboutVC.h */,
				941895FF1A59EB0200B5BC15 /* AboutVC.m */,
				941896001A59EB0200B5BC15 /* AboutView.h */,
				941896011A59EB0200B5BC15 /* AboutView.m */,
				941895F41A59EACB00B5BC15 /* GraphVC.m */,
			);
			name = About;
			sourceTree = "<group>";
		};
		941896041A59EB1600B5BC15 /* OAuth */ = {
			isa = PBXGroup;
			children = (
				941896051A59EB2300B5BC15 /* OAuthVC.h */,
				941896061A59EB2300B5BC15 /* OAuthVC.m */,
			);
			name = OAuth;
			sourceTree = "<group>";
		};
		941896081A59EB9D00B5BC15 /* Minute */ = {
			isa = PBXGroup;
			children = (
				941896091A59EBAD00B5BC15 /* MinuteTVC.h */,
				9418960A1A59EBAD00B5BC15 /* MinuteTVC.m */,
				9418960B1A59EBAD00B5BC15 /* ActivityPickerView.h */,
				9418960C1A59EBAD00B5BC15 /* ActivityPickerView.m */,
				9418960D1A59EBAD00B5BC15 /* MinuteEntry.h */,
				9418960E1A59EBAD00B5BC15 /* MinuteEntry.m */,
				9418960F1A59EBAD00B5BC15 /* MinuteStore.h */,
				941896101A59EBAD00B5BC15 /* MinuteStore.m */,
			);
			name = Minute;
			sourceTree = "<group>";
		};
/* End PBXGroup section */

/* Begin PBXNativeTarget section */
		3DDED6D0167D098B006DE4F8 /* OpenSense Collector */ = {
			isa = PBXNativeTarget;
			buildConfigurationList = 3DDED715167D098B006DE4F8 /* Build configuration list for PBXNativeTarget "OpenSense Collector" */;
			buildPhases = (
				3DDED6CD167D098B006DE4F8 /* Sources */,
				3DDED6CE167D098B006DE4F8 /* Frameworks */,
				3DDED6CF167D098B006DE4F8 /* Resources */,
			);
			buildRules = (
			);
			dependencies = (
			);
			name = "OpenSense Collector";
			productName = "OpenSense Collector";
			productReference = 3DDED6D1167D098B006DE4F8 /* OpenSense.app */;
			productType = "com.apple.product-type.application";
		};
/* End PBXNativeTarget section */

/* Begin PBXProject section */
		3DDED6C8167D098B006DE4F8 /* Project object */ = {
			isa = PBXProject;
			attributes = {
				LastUpgradeCheck = 0450;
				ORGANIZATIONNAME = "MIT CSAIL Living Lab";
				TargetAttributes = {
					3DDED6D0167D098B006DE4F8 = {
						DevelopmentTeam = 4K8T4ETL5D;
					};
				};
			};
			buildConfigurationList = 3DDED6CB167D098B006DE4F8 /* Build configuration list for PBXProject "GetFit" */;
			compatibilityVersion = "Xcode 3.2";
			developmentRegion = English;
			hasScannedForEncodings = 0;
			knownRegions = (
				en,
			);
			mainGroup = 3DDED6C6167D098B006DE4F8;
			productRefGroup = 3DDED6D2167D098B006DE4F8 /* Products */;
			projectDirPath = "";
			projectReferences = (
				{
					ProductGroup = 3D35C2B71694C720000ADA14 /* Products */;
					ProjectRef = 3D35C2B61694C720000ADA14 /* OpenSense.xcodeproj */;
				},
			);
			projectRoot = "";
			targets = (
				3DDED6D0167D098B006DE4F8 /* OpenSense Collector */,
			);
		};
/* End PBXProject section */

/* Begin PBXReferenceProxy section */
		3D35C2C01694C720000ADA14 /* libOpenSense.a */ = {
			isa = PBXReferenceProxy;
			fileType = archive.ar;
			path = libOpenSense.a;
			remoteRef = 3D35C2BF1694C720000ADA14 /* PBXContainerItemProxy */;
			sourceTree = BUILT_PRODUCTS_DIR;
		};
		3D35C2C21694C720000ADA14 /* OpenSenseTests.octest */ = {
			isa = PBXReferenceProxy;
			fileType = wrapper.cfbundle;
			path = OpenSenseTests.octest;
			remoteRef = 3D35C2C11694C720000ADA14 /* PBXContainerItemProxy */;
			sourceTree = BUILT_PRODUCTS_DIR;
		};
/* End PBXReferenceProxy section */

/* Begin PBXResourcesBuildPhase section */
		3DDED6CF167D098B006DE4F8 /* Resources */ = {
			isa = PBXResourcesBuildPhase;
			buildActionMask = 2147483647;
			files = (
				3DDED6E0167D098B006DE4F8 /* InfoPlist.strings in Resources */,
				3DDED6E8167D098B006DE4F8 /* Default.png in Resources */,
				3DDED6EA167D098B006DE4F8 /* Default@2x.png in Resources */,
				3DDED6EC167D098B006DE4F8 /* Default-568h@2x.png in Resources */,
				3DFE62551694DE4500145310 /* Icon.png in Resources */,
				3DFE62571694DE4800145310 /* Icon@2x.png in Resources */,
				9416456B1A59F17300B9B2CD /* MainStoryboard.storyboard in Resources */,
				941895E91A59EA5700B5BC15 /* chart_pie.png in Resources */,
				941895E71A59EA5700B5BC15 /* chart_column.png in Resources */,
				941895E81A59EA5700B5BC15 /* chart_line.png in Resources */,
				3D5AEA0516A4977A00741652 /* config.json in Resources */,
			);
			runOnlyForDeploymentPostprocessing = 0;
		};
/* End PBXResourcesBuildPhase section */

/* Begin PBXSourcesBuildPhase section */
		3DDED6CD167D098B006DE4F8 /* Sources */ = {
			isa = PBXSourcesBuildPhase;
			buildActionMask = 2147483647;
			files = (
				3DDED6E2167D098B006DE4F8 /* main.m in Sources */,
				941896141A59EBAD00B5BC15 /* MinuteStore.m in Sources */,
				941895F71A59EACB00B5BC15 /* GraphVC.m in Sources */,
				941895EC1A59EA6B00B5BC15 /* Resources.m in Sources */,
				941896071A59EB2300B5BC15 /* OAuthVC.m in Sources */,
				3DDED6E6167D098B006DE4F8 /* AppDelegate.m in Sources */,
				941896031A59EB0200B5BC15 /* AboutView.m in Sources */,
				941896121A59EBAD00B5BC15 /* ActivityPickerView.m in Sources */,
				941895F81A59EACB00B5BC15 /* GraphView.m in Sources */,
				941896111A59EBAD00B5BC15 /* MinuteTVC.m in Sources */,
				941895FC1A59EAEA00B5BC15 /* ExerciseVC.m in Sources */,
				941896131A59EBAD00B5BC15 /* MinuteEntry.m in Sources */,
				941896021A59EB0200B5BC15 /* AboutVC.m in Sources */,
				941645631A59F01F00B9B2CD /* ViewController.m in Sources */,
				941895F01A59EA9700B5BC15 /* PageVC.m in Sources */,
			);
			runOnlyForDeploymentPostprocessing = 0;
		};
/* End PBXSourcesBuildPhase section */

/* Begin PBXVariantGroup section */
		3DDED6DE167D098B006DE4F8 /* InfoPlist.strings */ = {
			isa = PBXVariantGroup;
			children = (
				3DDED6DF167D098B006DE4F8 /* en */,
			);
			name = InfoPlist.strings;
			sourceTree = "<group>";
		};
		9416456D1A59F17300B9B2CD /* MainStoryboard.storyboard */ = {
			isa = PBXVariantGroup;
			children = (
				9416456C1A59F17300B9B2CD /* en */,
			);
			name = MainStoryboard.storyboard;
			sourceTree = "<group>";
		};
/* End PBXVariantGroup section */

/* Begin XCBuildConfiguration section */
		3DDED713167D098B006DE4F8 /* Debug */ = {
			isa = XCBuildConfiguration;
			buildSettings = {
				ALWAYS_SEARCH_USER_PATHS = NO;
				CLANG_CXX_LANGUAGE_STANDARD = "gnu++0x";
				CLANG_CXX_LIBRARY = "libc++";
				CLANG_ENABLE_OBJC_ARC = YES;
				CLANG_WARN_EMPTY_BODY = YES;
				CLANG_WARN__DUPLICATE_METHOD_MATCH = YES;
				CODE_SIGN_IDENTITY = "iPhone Distribution";
				"CODE_SIGN_IDENTITY[sdk=iphoneos*]" = "iPhone Distribution";
				COPY_PHASE_STRIP = NO;
				GCC_C_LANGUAGE_STANDARD = gnu99;
				GCC_DYNAMIC_NO_PIC = NO;
				GCC_OPTIMIZATION_LEVEL = 0;
				GCC_PREPROCESSOR_DEFINITIONS = (
					"DEBUG=1",
					"$(inherited)",
				);
				GCC_SYMBOLS_PRIVATE_EXTERN = NO;
				GCC_WARN_ABOUT_RETURN_TYPE = YES;
				GCC_WARN_UNINITIALIZED_AUTOS = YES;
				GCC_WARN_UNUSED_VARIABLE = YES;
				IPHONEOS_DEPLOYMENT_TARGET = 7.1;
				ONLY_ACTIVE_ARCH = YES;
				PROVISIONING_PROFILE = "";
				"PROVISIONING_PROFILE[sdk=iphoneos*]" = "";
				SDKROOT = iphoneos;
			};
			name = Debug;
		};
		3DDED714167D098B006DE4F8 /* Release */ = {
			isa = XCBuildConfiguration;
			buildSettings = {
				ALWAYS_SEARCH_USER_PATHS = NO;
				CLANG_CXX_LANGUAGE_STANDARD = "gnu++0x";
				CLANG_CXX_LIBRARY = "libc++";
				CLANG_ENABLE_OBJC_ARC = YES;
				CLANG_WARN_EMPTY_BODY = YES;
				CLANG_WARN__DUPLICATE_METHOD_MATCH = YES;
				CODE_SIGN_IDENTITY = "iPhone Distribution";
				"CODE_SIGN_IDENTITY[sdk=iphoneos*]" = "iPhone Distribution";
				COPY_PHASE_STRIP = YES;
				GCC_C_LANGUAGE_STANDARD = gnu99;
				GCC_WARN_ABOUT_RETURN_TYPE = YES;
				GCC_WARN_UNINITIALIZED_AUTOS = YES;
				GCC_WARN_UNUSED_VARIABLE = YES;
				IPHONEOS_DEPLOYMENT_TARGET = 7.1;
				OTHER_CFLAGS = "-DNS_BLOCK_ASSERTIONS=1";
				PROVISIONING_PROFILE = "";
				"PROVISIONING_PROFILE[sdk=iphoneos*]" = "";
				SDKROOT = iphoneos;
				VALIDATE_PRODUCT = YES;
			};
			name = Release;
		};
		3DDED716167D098B006DE4F8 /* Debug */ = {
			isa = XCBuildConfiguration;
			buildSettings = {
				ALWAYS_SEARCH_USER_PATHS = YES;
				CODE_SIGN_IDENTITY = "iPhone Developer";
				"CODE_SIGN_IDENTITY[sdk=iphoneos*]" = "iPhone Developer";
				GCC_PRECOMPILE_PREFIX_HEADER = YES;
				GCC_PREFIX_HEADER = "OpenSense Collector/OpenSense Collector-Prefix.pch";
				INFOPLIST_FILE = "OpenSense Collector/OpenSense Collector-Info.plist";
				IPHONEOS_DEPLOYMENT_TARGET = 7.1;
				LIBRARY_SEARCH_PATHS = "$(inherited)";
				OTHER_LDFLAGS = (
					"-ObjC",
					"-all_load",
				);
				PRODUCT_NAME = OpenSense;
				PROVISIONING_PROFILE = "";
				USER_HEADER_SEARCH_PATHS = "\"${SRCROOT}/../OpenSense/\"/**";
				WRAPPER_EXTENSION = app;
			};
			name = Debug;
		};
		3DDED717167D098B006DE4F8 /* Release */ = {
			isa = XCBuildConfiguration;
			buildSettings = {
				ALWAYS_SEARCH_USER_PATHS = YES;
				CODE_SIGN_IDENTITY = "iPhone Developer";
				"CODE_SIGN_IDENTITY[sdk=iphoneos*]" = "iPhone Developer";
				GCC_PRECOMPILE_PREFIX_HEADER = YES;
				GCC_PREFIX_HEADER = "OpenSense Collector/OpenSense Collector-Prefix.pch";
				INFOPLIST_FILE = "OpenSense Collector/OpenSense Collector-Info.plist";
				IPHONEOS_DEPLOYMENT_TARGET = 7.1;
				LIBRARY_SEARCH_PATHS = "$(inherited)";
				OTHER_LDFLAGS = (
					"-ObjC",
					"-all_load",
				);
				PRODUCT_NAME = OpenSense;
				PROVISIONING_PROFILE = "";
				USER_HEADER_SEARCH_PATHS = "\"${SRCROOT}/../OpenSense/\"/**";
				WRAPPER_EXTENSION = app;
			};
			name = Release;
		};
/* End XCBuildConfiguration section */

/* Begin XCConfigurationList section */
		3DDED6CB167D098B006DE4F8 /* Build configuration list for PBXProject "GetFit" */ = {
			isa = XCConfigurationList;
			buildConfigurations = (
				3DDED713167D098B006DE4F8 /* Debug */,
				3DDED714167D098B006DE4F8 /* Release */,
			);
			defaultConfigurationIsVisible = 0;
			defaultConfigurationName = Release;
		};
		3DDED715167D098B006DE4F8 /* Build configuration list for PBXNativeTarget "OpenSense Collector" */ = {
			isa = XCConfigurationList;
			buildConfigurations = (
				3DDED716167D098B006DE4F8 /* Debug */,
				3DDED717167D098B006DE4F8 /* Release */,
			);
			defaultConfigurationIsVisible = 0;
			defaultConfigurationName = Release;
		};
/* End XCConfigurationList section */
	};
	rootObject = 3DDED6C8167D098B006DE4F8 /* Project object */;
}
